
Microsoft Visual Studio Solution File, Format Version 12.00
# Visual Studio Version 16
VisualStudioVersion = 16.0.34114.132
MinimumVisualStudioVersion = 10.0.40219.1
Project("{FAE04EC0-301F-11D3-BF4B-00C04F79EFBC}") = "SortedList", "SortedList\SortedList.csproj", "{0FDA1BAD-2FDE-43F0-BE33-AE39D70175F0}"
EndProject
Global
	GlobalSection(SolutionConfigurationPlatforms) = preSolution
		Debug|Any CPU = Debug|Any CPU
		Release|Any CPU = Release|Any CPU
	EndGlobalSection
	GlobalSection(ProjectConfigurationPlatforms) = postSolution
		{0FDA1BAD-2FDE-43F0-BE33-AE39D70175F0}.Debug|Any CPU.ActiveCfg = Debug|Any CPU
		{0FDA1BAD-2FDE-43F0-BE33-AE39D70175F0}.Debug|Any CPU.Build.0 = Debug|Any CPU
		{0FDA1BAD-2FDE-43F0-BE33-AE39D70175F0}.Release|Any CPU.ActiveCfg = Release|Any CPU
		{0FDA1BAD-2FDE-43F0-BE33-AE39D70175F0}.Release|Any CPU.Build.0 = Release|Any CPU
	EndGlobalSection
	GlobalSection(SolutionProperties) = preSolution
		HideSolutionNode = FALSE
	EndGlobalSection
	GlobalSection(ExtensibilityGlobals) = postSolution
		SolutionGuid = {2376BE50-2914-4C4A-BBC8-E9A8FCFA4E7E}
	EndGlobalSection
EndGlobal
