
Microsoft Visual Studio Solution File, Format Version 12.00
# Visual Studio Version 16
VisualStudioVersion = 16.0.34114.132
MinimumVisualStudioVersion = 10.0.40219.1
Project("{FAE04EC0-301F-11D3-BF4B-00C04F79EFBC}") = "HashTable", "HashTable\HashTable.csproj", "{0CE20FD0-AECA-4BF7-A6AB-75EEC08D2571}"
EndProject
Global
	GlobalSection(SolutionConfigurationPlatforms) = preSolution
		Debug|Any CPU = Debug|Any CPU
		Release|Any CPU = Release|Any CPU
	EndGlobalSection
	GlobalSection(ProjectConfigurationPlatforms) = postSolution
		{0CE20FD0-AECA-4BF7-A6AB-75EEC08D2571}.Debug|Any CPU.ActiveCfg = Debug|Any CPU
		{0CE20FD0-AECA-4BF7-A6AB-75EEC08D2571}.Debug|Any CPU.Build.0 = Debug|Any CPU
		{0CE20FD0-AECA-4BF7-A6AB-75EEC08D2571}.Release|Any CPU.ActiveCfg = Release|Any CPU
		{0CE20FD0-AECA-4BF7-A6AB-75EEC08D2571}.Release|Any CPU.Build.0 = Release|Any CPU
	EndGlobalSection
	GlobalSection(SolutionProperties) = preSolution
		HideSolutionNode = FALSE
	EndGlobalSection
	GlobalSection(ExtensibilityGlobals) = postSolution
		SolutionGuid = {9746FF9A-6C23-4969-A6C9-69FF81CC57CB}
	EndGlobalSection
EndGlobal
